
Microsoft Visual Studio Solution File, Format Version 12.00
# Visual Studio 14
VisualStudioVersion = 14.0.23107.0
MinimumVisualStudioVersion = 10.0.40219.1
Project("{FAE04EC0-301F-11D3-BF4B-00C04F79EFBC}") = "Swk5.MediaAnnotator", "Swk5.MediaAnnotator\Swk5.MediaAnnotator.csproj", "{8FAFD37B-C8ED-4FE6-A833-C2507E15DA27}"
EndProject
Project("{FAE04EC0-301F-11D3-BF4B-00C04F79EFBC}") = "Swk5.MediaAnnotator.BL", "Swk5.MediaAnnotator.BL\Swk5.MediaAnnotator.BL.csproj", "{812DA110-24D0-442F-9EDC-CA26017D487C}"
EndProject
Global
	GlobalSection(SolutionConfigurationPlatforms) = preSolution
		Debug|Any CPU = Debug|Any CPU
		Release|Any CPU = Release|Any CPU
	EndGlobalSection
	GlobalSection(ProjectConfigurationPlatforms) = postSolution
		{8FAFD37B-C8ED-4FE6-A833-C2507E15DA27}.Debug|Any CPU.ActiveCfg = Debug|Any CPU
		{8FAFD37B-C8ED-4FE6-A833-C2507E15DA27}.Debug|Any CPU.Build.0 = Debug|Any CPU
		{8FAFD37B-C8ED-4FE6-A833-C2507E15DA27}.Release|Any CPU.ActiveCfg = Release|Any CPU
		{8FAFD37B-C8ED-4FE6-A833-C2507E15DA27}.Release|Any CPU.Build.0 = Release|Any CPU
		{812DA110-24D0-442F-9EDC-CA26017D487C}.Debug|Any CPU.ActiveCfg = Debug|Any CPU
		{812DA110-24D0-442F-9EDC-CA26017D487C}.Debug|Any CPU.Build.0 = Debug|Any CPU
		{812DA110-24D0-442F-9EDC-CA26017D487C}.Release|Any CPU.ActiveCfg = Release|Any CPU
		{812DA110-24D0-442F-9EDC-CA26017D487C}.Release|Any CPU.Build.0 = Release|Any CPU
	EndGlobalSection
	GlobalSection(SolutionProperties) = preSolution
		HideSolutionNode = FALSE
	EndGlobalSection
EndGlobal
